PODS:
  - CocoaAsyncSocket (7.6.0)

DEPENDENCIES:
  - CocoaAsyncSocket (= 7.6.0)

SPEC REPOS:
  https://github.com/cocoapods/specs.git:
    - CocoaAsyncSocket

SPEC CHECKSUMS:
  CocoaAsyncSocket: b9d5589f07baf9de8f34cc25abd4fcba28f13805

PODFILE CHECKSUM: 361c27fb0fd9481b20c3b8388bb63a49351935c3

COCOAPODS: 1.5.3
